
Microsoft Visual Studio Solution File, Format Version 12.00
# Visual Studio 14
VisualStudioVersion = 14.0.23107.0
MinimumVisualStudioVersion = 10.0.40219.1
Project("{FAE04EC0-301F-11D3-BF4B-00C04F79EFBC}") = "CST65Project", "CST65Project\CST65Project.csproj", "{18EF3475-ADF9-4E55-84DB-6D7D38626570}"
EndProject
Global
	GlobalSection(SolutionConfigurationPlatforms) = preSolution
		Debug|Any CPU = Debug|Any CPU
		Release|Any CPU = Release|Any CPU
	EndGlobalSection
	GlobalSection(ProjectConfigurationPlatforms) = postSolution
		{18EF3475-ADF9-4E55-84DB-6D7D38626570}.Debug|Any CPU.ActiveCfg = Debug|Any CPU
		{18EF3475-ADF9-4E55-84DB-6D7D38626570}.Debug|Any CPU.Build.0 = Debug|Any CPU
		{18EF3475-ADF9-4E55-84DB-6D7D38626570}.Release|Any CPU.ActiveCfg = Release|Any CPU
		{18EF3475-ADF9-4E55-84DB-6D7D38626570}.Release|Any CPU.Build.0 = Release|Any CPU
	EndGlobalSection
	GlobalSection(SolutionProperties) = preSolution
		HideSolutionNode = FALSE
	EndGlobalSection
EndGlobal
